{
	"requires": true,
	"lockfileVersion": 1,
	"dependencies": {
		"co": {
			"version": "4.6.0",
			"resolved": "https://registry.npm.alibaba-inc.com/co/download/co-4.6.0.tgz",
			"integrity": "sha1-bqa989hTrlTMuOR7+gvz+QMfsYQ="
		},
		"commander": {
			"version": "2.20.0",
			"resolved": "https://registry.npm.alibaba-inc.com/commander/download/commander-2.20.0.tgz",
			"integrity": "sha1-1YuytcHuj4ew00ACfp6U4iLFpCI="
		},
		"cross-spawn": {
			"version": "5.1.0",
			"resolved": "https://registry.npm.alibaba-inc.com/cross-spawn/download/cross-spawn-5.1.0.tgz",
			"integrity": "sha1-6L0O/uWPz/b4+UUQoKVUu/ojVEk=",
			"requires": {
				"lru-cache": "^4.0.1",
				"shebang-command": "^1.2.0",
				"which": "^1.2.9"
			}
		},
		"fs-extra": {
			"version": "1.0.0",
			"resolved": "https://registry.npm.alibaba-inc.com/fs-extra/download/fs-extra-1.0.0.tgz",
			"integrity": "sha1-zTzl9+fLYUWIP8rjGR6Yd/hYeVA=",
			"requires": {
				"graceful-fs": "^4.1.2",
				"jsonfile": "^2.1.0",
				"klaw": "^1.0.0"
			},
			"dependencies": {
				"graceful-fs": {
					"version": "4.1.15",
					"resolved": "https://registry.npm.alibaba-inc.com/graceful-fs/download/graceful-fs-4.1.15.tgz",
					"integrity": "sha1-/7cD4QZuig7qpMi4C6klPu77+wA="
				}
			}
		},
		"isexe": {
			"version": "2.0.0",
			"resolved": "https://registry.npm.alibaba-inc.com/isexe/download/isexe-2.0.0.tgz",
			"integrity": "sha1-6PvzdNxVb/iUehDcsFctYz8s+hA="
		},
		"jsonfile": {
			"version": "2.4.0",
			"resolved": "https://registry.npm.alibaba-inc.com/jsonfile/download/jsonfile-2.4.0.tgz",
			"integrity": "sha1-NzaitCi4e72gzIO1P6PWM6NcKug=",
			"requires": {
				"graceful-fs": "^4.1.6"
			},
			"dependencies": {
				"graceful-fs": {
					"version": "4.1.15",
					"resolved": "https://registry.npm.alibaba-inc.com/graceful-fs/download/graceful-fs-4.1.15.tgz",
					"integrity": "sha1-/7cD4QZuig7qpMi4C6klPu77+wA=",
					"optional": true
				}
			}
		},
		"klaw": {
			"version": "1.3.1",
			"resolved": "https://registry.npm.alibaba-inc.com/klaw/download/klaw-1.3.1.tgz",
			"integrity": "sha1-QIhDO0azsbolnXh4XY6W9zugJDk=",
			"requires": {
				"graceful-fs": "^4.1.9"
			},
			"dependencies": {
				"graceful-fs": {
					"version": "4.1.15",
					"resolved": "https://registry.npm.alibaba-inc.com/graceful-fs/download/graceful-fs-4.1.15.tgz",
					"integrity": "sha1-/7cD4QZuig7qpMi4C6klPu77+wA=",
					"optional": true
				}
			}
		},
		"lru-cache": {
			"version": "4.1.5",
			"resolved": "https://registry.npm.alibaba-inc.com/lru-cache/download/lru-cache-4.1.5.tgz",
			"integrity": "sha1-i75Q6oW+1ZvJ4z3KuCNe6bz0Q80=",
			"requires": {
				"pseudomap": "^1.0.2",
				"yallist": "^2.1.2"
			}
		},
		"minimist": {
			"version": "1.2.0",
			"resolved": "https://registry.npm.alibaba-inc.com/minimist/download/minimist-1.2.0.tgz",
			"integrity": "sha1-o1AIsg9BOD7sH7kU9M1d95omQoQ="
		},
		"npm-path": {
			"version": "2.0.4",
			"resolved": "https://registry.npm.alibaba-inc.com/npm-path/download/npm-path-2.0.4.tgz",
			"integrity": "sha1-xkE0el/51qCeTZvOVYDE9QUnjmQ=",
			"requires": {
				"which": "^1.2.10"
			}
		},
		"npm-run": {
			"version": "4.1.2",
			"resolved": "https://registry.npm.alibaba-inc.com/npm-run/download/npm-run-4.1.2.tgz",
			"integrity": "sha1-EDDh7FaQjIn8w/o2bQOiwrqY65k=",
			"requires": {
				"cross-spawn": "^5.1.0",
				"minimist": "^1.2.0",
				"npm-path": "^2.0.3",
				"npm-which": "^3.0.1",
				"serializerr": "^1.0.3",
				"sync-exec": "^0.6.2"
			}
		},
		"npm-which": {
			"version": "3.0.1",
			"resolved": "https://registry.npm.alibaba-inc.com/npm-which/download/npm-which-3.0.1.tgz",
			"integrity": "sha1-kiXybsOihcIJyuZ8OxGmtKtxQKo=",
			"requires": {
				"commander": "^2.9.0",
				"npm-path": "^2.0.2",
				"which": "^1.2.10"
			}
		},
		"protochain": {
			"version": "1.0.5",
			"resolved": "https://registry.npm.alibaba-inc.com/protochain/download/protochain-1.0.5.tgz",
			"integrity": "sha1-mRxAfpneJkqt+PgVBLXn+ve/omA="
		},
		"pseudomap": {
			"version": "1.0.2",
			"resolved": "https://registry.npm.alibaba-inc.com/pseudomap/download/pseudomap-1.0.2.tgz",
			"integrity": "sha1-8FKijacOYYkX7wqKw0wa5aaChrM="
		},
		"serializerr": {
			"version": "1.0.3",
			"resolved": "https://registry.npm.alibaba-inc.com/serializerr/download/serializerr-1.0.3.tgz",
			"integrity": "sha1-EtTFqhw/+49tHcXzlaqUVVacP5E=",
			"requires": {
				"protochain": "^1.0.5"
			}
		},
		"shebang-command": {
			"version": "1.2.0",
			"resolved": "https://registry.npm.alibaba-inc.com/shebang-command/download/shebang-command-1.2.0.tgz",
			"integrity": "sha1-RKrGW2lbAzmJaMOfNj/uXer98eo=",
			"requires": {
				"shebang-regex": "^1.0.0"
			}
		},
		"shebang-regex": {
			"version": "1.0.0",
			"resolved": "https://registry.npm.alibaba-inc.com/shebang-regex/download/shebang-regex-1.0.0.tgz",
			"integrity": "sha1-2kL0l0DAtC2yypcoVxyxkMmO/qM="
		},
		"sync-exec": {
			"version": "0.6.2",
			"resolved": "https://registry.npm.alibaba-inc.com/sync-exec/download/sync-exec-0.6.2.tgz",
			"integrity": "sha1-cX0izFPwzh3vVZQ2LzqJouu5EQU="
		},
		"underscore": {
			"version": "1.9.1",
			"resolved": "https://registry.npm.alibaba-inc.com/underscore/download/underscore-1.9.1.tgz",
			"integrity": "sha1-BtzjSg5op7q8KbNluOdLiSUgOWE="
		},
		"which": {
			"version": "1.3.1",
			"resolved": "https://registry.npm.alibaba-inc.com/which/download/which-1.3.1.tgz",
			"integrity": "sha1-pFBD1U9YBTFtqNYvn1CRjT2nCwo=",
			"requires": {
				"isexe": "^2.0.0"
			}
		},
		"yallist": {
			"version": "2.1.2",
			"resolved": "https://registry.npm.alibaba-inc.com/yallist/download/yallist-2.1.2.tgz",
			"integrity": "sha1-HBH5IY8HYImkfdUS+TxmmaaoHVI="
		}
	}
}
