{
	"requires": true,
	"lockfileVersion": 1,
	"dependencies": {
		"debug": {
			"version": "2.6.9",
			"resolved": "https://registry.npm.alibaba-inc.com/debug/download/debug-2.6.9.tgz",
			"integrity": "sha1-XRKFFd8TT/Mn6QpMk/Tgd6U2NB8=",
			"requires": {
				"ms": "2.0.0"
			}
		},
		"fs-extra": {
			"version": "1.0.0",
			"resolved": "https://registry.npm.alibaba-inc.com/fs-extra/download/fs-extra-1.0.0.tgz",
			"integrity": "sha1-zTzl9+fLYUWIP8rjGR6Yd/hYeVA=",
			"requires": {
				"graceful-fs": "^4.1.2",
				"jsonfile": "^2.1.0",
				"klaw": "^1.0.0"
			}
		},
		"graceful-fs": {
			"version": "4.1.15",
			"resolved": "https://registry.npm.alibaba-inc.com/graceful-fs/download/graceful-fs-4.1.15.tgz",
			"integrity": "sha1-/7cD4QZuig7qpMi4C6klPu77+wA="
		},
		"jsonfile": {
			"version": "2.4.0",
			"resolved": "https://registry.npm.alibaba-inc.com/jsonfile/download/jsonfile-2.4.0.tgz",
			"integrity": "sha1-NzaitCi4e72gzIO1P6PWM6NcKug=",
			"requires": {
				"graceful-fs": "^4.1.6"
			}
		},
		"klaw": {
			"version": "1.3.1",
			"resolved": "https://registry.npm.alibaba-inc.com/klaw/download/klaw-1.3.1.tgz",
			"integrity": "sha1-QIhDO0azsbolnXh4XY6W9zugJDk=",
			"requires": {
				"graceful-fs": "^4.1.9"
			}
		},
		"ms": {
			"version": "2.0.0",
			"resolved": "https://registry.npm.alibaba-inc.com/ms/download/ms-2.0.0.tgz",
			"integrity": "sha1-VgiurfwAvmwpAd9fmGF4jeDVl8g="
		},
		"underscore": {
			"version": "1.9.1",
			"resolved": "https://registry.npm.alibaba-inc.com/underscore/download/underscore-1.9.1.tgz",
			"integrity": "sha1-BtzjSg5op7q8KbNluOdLiSUgOWE="
		}
	}
}
