{
	"requires": true,
	"lockfileVersion": 1,
	"dependencies": {
		"deep-is": {
			"version": "0.1.3",
			"resolved": "https://registry.npm.alibaba-inc.com/deep-is/download/deep-is-0.1.3.tgz",
			"integrity": "sha1-s2nW+128E+7PUk+RsHD+7cNXzzQ="
		},
		"escodegen": {
			"version": "1.11.1",
			"resolved": "https://registry.npm.alibaba-inc.com/escodegen/download/escodegen-1.11.1.tgz",
			"integrity": "sha1-xIX/jWtM24nif0qFbpHxGEAcpRA=",
			"requires": {
				"esprima": "^3.1.3",
				"estraverse": "^4.2.0",
				"esutils": "^2.0.2",
				"optionator": "^0.8.1",
				"source-map": "~0.6.1"
			}
		},
		"esprima": {
			"version": "3.1.3",
			"resolved": "https://registry.npm.alibaba-inc.com/esprima/download/esprima-3.1.3.tgz",
			"integrity": "sha1-/cpRzuYTOJXjyI1TXOSdv/YqRjM="
		},
		"esquery": {
			"version": "0.4.0",
			"resolved": "https://registry.npm.alibaba-inc.com/esquery/download/esquery-0.4.0.tgz",
			"integrity": "sha1-TE+19qWFT8Ervivr85M7TtnUQT4=",
			"requires": {
				"estraverse": "^4.0.0"
			}
		},
		"estraverse": {
			"version": "4.2.0",
			"resolved": "https://registry.npm.alibaba-inc.com/estraverse/download/estraverse-4.2.0.tgz",
			"integrity": "sha1-De4/7TH81GlhjOc0IJn8GvoL2xM="
		},
		"esutils": {
			"version": "2.0.2",
			"resolved": "https://registry.npm.alibaba-inc.com/esutils/download/esutils-2.0.2.tgz",
			"integrity": "sha1-Cr9PHKpbyx96nYrMbepPqqBLrJs="
		},
		"fast-levenshtein": {
			"version": "2.0.6",
			"resolved": "https://registry.npm.alibaba-inc.com/fast-levenshtein/download/fast-levenshtein-2.0.6.tgz",
			"integrity": "sha1-PYpcZog6FqMMqGQ+hR8Zuqd5eRc="
		},
		"fs-extra": {
			"version": "1.0.0",
			"resolved": "https://registry.npm.alibaba-inc.com/fs-extra/download/fs-extra-1.0.0.tgz",
			"integrity": "sha1-zTzl9+fLYUWIP8rjGR6Yd/hYeVA=",
			"requires": {
				"graceful-fs": "^4.1.2",
				"jsonfile": "^2.1.0",
				"klaw": "^1.0.0"
			}
		},
		"graceful-fs": {
			"version": "4.1.15",
			"resolved": "https://registry.npm.alibaba-inc.com/graceful-fs/download/graceful-fs-4.1.15.tgz",
			"integrity": "sha1-/7cD4QZuig7qpMi4C6klPu77+wA="
		},
		"jsonfile": {
			"version": "2.4.0",
			"resolved": "https://registry.npm.alibaba-inc.com/jsonfile/download/jsonfile-2.4.0.tgz",
			"integrity": "sha1-NzaitCi4e72gzIO1P6PWM6NcKug=",
			"requires": {
				"graceful-fs": "^4.1.6"
			}
		},
		"klaw": {
			"version": "1.3.1",
			"resolved": "https://registry.npm.alibaba-inc.com/klaw/download/klaw-1.3.1.tgz",
			"integrity": "sha1-QIhDO0azsbolnXh4XY6W9zugJDk=",
			"requires": {
				"graceful-fs": "^4.1.9"
			}
		},
		"levn": {
			"version": "0.3.0",
			"resolved": "https://registry.npm.alibaba-inc.com/levn/download/levn-0.3.0.tgz",
			"integrity": "sha1-OwmSTt+fCDwEkP3UwLxEIeBHZO4=",
			"requires": {
				"prelude-ls": "~1.1.2",
				"type-check": "~0.3.2"
			}
		},
		"optionator": {
			"version": "0.8.2",
			"resolved": "https://registry.npm.alibaba-inc.com/optionator/download/optionator-0.8.2.tgz",
			"integrity": "sha1-NkxeQJ0/TWMB1sC0wFu6UBgK62Q=",
			"requires": {
				"deep-is": "~0.1.3",
				"fast-levenshtein": "~2.0.4",
				"levn": "~0.3.0",
				"prelude-ls": "~1.1.2",
				"type-check": "~0.3.2",
				"wordwrap": "~1.0.0"
			}
		},
		"prelude-ls": {
			"version": "1.1.2",
			"resolved": "https://registry.npm.alibaba-inc.com/prelude-ls/download/prelude-ls-1.1.2.tgz",
			"integrity": "sha1-IZMqVJ9eUv/ZqCf1cOBL5iqX2lQ="
		},
		"source-map": {
			"version": "0.6.1",
			"resolved": "https://registry.npm.alibaba-inc.com/source-map/download/source-map-0.6.1.tgz",
			"integrity": "sha1-dHIq8y6WFOnCh6jQu95IteLxomM=",
			"optional": true
		},
		"tosource": {
			"version": "1.0.0",
			"resolved": "https://registry.npm.alibaba-inc.com/tosource/download/tosource-1.0.0.tgz",
			"integrity": "sha1-QtiN0RZhi88A1hBt1URvNCeQL/E="
		},
		"type-check": {
			"version": "0.3.2",
			"resolved": "https://registry.npm.alibaba-inc.com/type-check/download/type-check-0.3.2.tgz",
			"integrity": "sha1-WITKtRLPHTVeP7eE8wgEsrUg23I=",
			"requires": {
				"prelude-ls": "~1.1.2"
			}
		},
		"wordwrap": {
			"version": "1.0.0",
			"resolved": "https://registry.npm.alibaba-inc.com/wordwrap/download/wordwrap-1.0.0.tgz",
			"integrity": "sha1-J1hIEIkUVqQXHI0CJkQa3pDLyus="
		}
	}
}
